
Microsoft Visual Studio Solution File, Format Version 12.00
# Visual Studio Version 17
VisualStudioVersion = 17.12.35514.174
MinimumVisualStudioVersion = 10.0.40219.1
Project("{FAE04EC0-301F-11D3-BF4B-00C04F79EFBC}") = "E-Shop.BL", "E-Shop.BL\E-Shop.BL.csproj", "{DAB46E43-B445-4D9B-8754-A4822E3DBDD3}"
EndProject
Project("{FAE04EC0-301F-11D3-BF4B-00C04F79EFBC}") = "E-Shop.DAL", "E-Shop.DAL\E-Shop.DAL.csproj", "{A5E94036-9C8C-4AC4-B71C-B95C6E748C78}"
EndProject
Project("{FAE04EC0-301F-11D3-BF4B-00C04F79EFBC}") = "E-Shop.Entities", "E-Shop.Entities\E-Shop.Entities.csproj", "{91537ED2-F04C-476F-A895-F05782D21F4F}"
EndProject
Project("{FAE04EC0-301F-11D3-BF4B-00C04F79EFBC}") = "E-ShopMVC", "E-ShopMVC\E-ShopMVC.csproj", "{107AC42A-B7B1-4E30-8CF5-1106166EB356}"
EndProject
Global
	GlobalSection(SolutionConfigurationPlatforms) = preSolution
		Debug|Any CPU = Debug|Any CPU
		Release|Any CPU = Release|Any CPU
	EndGlobalSection
	GlobalSection(ProjectConfigurationPlatforms) = postSolution
		{DAB46E43-B445-4D9B-8754-A4822E3DBDD3}.Debug|Any CPU.ActiveCfg = Debug|Any CPU
		{DAB46E43-B445-4D9B-8754-A4822E3DBDD3}.Debug|Any CPU.Build.0 = Debug|Any CPU
		{DAB46E43-B445-4D9B-8754-A4822E3DBDD3}.Release|Any CPU.ActiveCfg = Release|Any CPU
		{DAB46E43-B445-4D9B-8754-A4822E3DBDD3}.Release|Any CPU.Build.0 = Release|Any CPU
		{A5E94036-9C8C-4AC4-B71C-B95C6E748C78}.Debug|Any CPU.ActiveCfg = Debug|Any CPU
		{A5E94036-9C8C-4AC4-B71C-B95C6E748C78}.Debug|Any CPU.Build.0 = Debug|Any CPU
		{A5E94036-9C8C-4AC4-B71C-B95C6E748C78}.Release|Any CPU.ActiveCfg = Release|Any CPU
		{A5E94036-9C8C-4AC4-B71C-B95C6E748C78}.Release|Any CPU.Build.0 = Release|Any CPU
		{91537ED2-F04C-476F-A895-F05782D21F4F}.Debug|Any CPU.ActiveCfg = Debug|Any CPU
		{91537ED2-F04C-476F-A895-F05782D21F4F}.Debug|Any CPU.Build.0 = Debug|Any CPU
		{91537ED2-F04C-476F-A895-F05782D21F4F}.Release|Any CPU.ActiveCfg = Release|Any CPU
		{91537ED2-F04C-476F-A895-F05782D21F4F}.Release|Any CPU.Build.0 = Release|Any CPU
		{107AC42A-B7B1-4E30-8CF5-1106166EB356}.Debug|Any CPU.ActiveCfg = Debug|Any CPU
		{107AC42A-B7B1-4E30-8CF5-1106166EB356}.Debug|Any CPU.Build.0 = Debug|Any CPU
		{107AC42A-B7B1-4E30-8CF5-1106166EB356}.Release|Any CPU.ActiveCfg = Release|Any CPU
		{107AC42A-B7B1-4E30-8CF5-1106166EB356}.Release|Any CPU.Build.0 = Release|Any CPU
	EndGlobalSection
	GlobalSection(SolutionProperties) = preSolution
		HideSolutionNode = FALSE
	EndGlobalSection
EndGlobal
